
Microsoft Visual Studio Solution File, Format Version 12.00
# Visual Studio 2013
VisualStudioVersion = 12.0.40629.0
MinimumVisualStudioVersion = 10.0.40219.1
Project("{8BC9CEB8-8B4A-11D0-8D11-00A0C91BC942}") = "EM_Recon_CUDA", "EM_Recon_CUDA\EM_Recon_CUDA.vcxproj", "{188CA5CF-B139-4C04-B936-AC5749280795}"
	ProjectSection(ProjectDependencies) = postProject
		{EB029B80-4C2A-4613-AE9A-4B70011B703D} = {EB029B80-4C2A-4613-AE9A-4B70011B703D}
		{3687398C-9DD2-45F5-9CC5-C386D25F6702} = {3687398C-9DD2-45F5-9CC5-C386D25F6702}
	EndProjectSection
EndProject
Project("{8BC9CEB8-8B4A-11D0-8D11-00A0C91BC942}") = "Generate_data_files", "Generate_Decay_Map\Generate_Decay_Map.vcxproj", "{B3931E8D-8812-4551-B501-CF26F278C2F7}"
EndProject
Project("{8BC9CEB8-8B4A-11D0-8D11-00A0C91BC942}") = "Sensitivity_Image_CUDA", "Generate_ensitivity_Image\Generate_ensitivity_Image.vcxproj", "{4D22BE66-5312-4E3C-8C93-6255D3407F63}"
	ProjectSection(ProjectDependencies) = postProject
		{EB029B80-4C2A-4613-AE9A-4B70011B703D} = {EB029B80-4C2A-4613-AE9A-4B70011B703D}
		{8CF1A1AE-6EA1-4569-8935-8F6A7E16CE0E} = {8CF1A1AE-6EA1-4569-8935-8F6A7E16CE0E}
	EndProjectSection
EndProject
Project("{8BC9CEB8-8B4A-11D0-8D11-00A0C91BC942}") = "MCAnalysis", "MCAnalysis\MCAnalysis.vcxproj", "{5B11A804-D8DB-47DF-998F-47A0AF213C22}"
	ProjectSection(ProjectDependencies) = postProject
		{EB029B80-4C2A-4613-AE9A-4B70011B703D} = {EB029B80-4C2A-4613-AE9A-4B70011B703D}
	EndProjectSection
EndProject
Project("{8BC9CEB8-8B4A-11D0-8D11-00A0C91BC942}") = "Coincdence_Sorting", "Coincdence_Sorting\Coincdence_Sorting.vcxproj", "{7B3ED80B-B694-4C02-B55F-20D8F4A57019}"
	ProjectSection(ProjectDependencies) = postProject
		{EB029B80-4C2A-4613-AE9A-4B70011B703D} = {EB029B80-4C2A-4613-AE9A-4B70011B703D}
	EndProjectSection
EndProject
Project("{8BC9CEB8-8B4A-11D0-8D11-00A0C91BC942}") = "Singles_Sorting", "Singles_Sorting\Singles_Sorting.vcxproj", "{5480EF67-123F-450A-A120-0C008D329304}"
EndProject
Project("{8BC9CEB8-8B4A-11D0-8D11-00A0C91BC942}") = "PenaltyReg", "PenaltyReg\PenaltyReg.vcxproj", "{3687398C-9DD2-45F5-9CC5-C386D25F6702}"
EndProject
Project("{8BC9CEB8-8B4A-11D0-8D11-00A0C91BC942}") = "Image_Update", "Image_Update\Image_Update.vcxproj", "{F10A0830-4AC3-492F-A17D-218DFE2A0AD0}"
	ProjectSection(ProjectDependencies) = postProject
		{3687398C-9DD2-45F5-9CC5-C386D25F6702} = {3687398C-9DD2-45F5-9CC5-C386D25F6702}
	EndProjectSection
EndProject
Project("{8BC9CEB8-8B4A-11D0-8D11-00A0C91BC942}") = "image_update_CUDA", "image_update_CUDA\image_update_CUDA.vcxproj", "{B5C0F231-78AC-48F8-8808-D2C3ED098412}"
	ProjectSection(ProjectDependencies) = postProject
		{EB029B80-4C2A-4613-AE9A-4B70011B703D} = {EB029B80-4C2A-4613-AE9A-4B70011B703D}
	EndProjectSection
EndProject
Project("{8BC9CEB8-8B4A-11D0-8D11-00A0C91BC942}") = "GateFileFormatConversion", "GateFileFormatConversion\GateFileFormatConversion.vcxproj", "{8C68C9E0-832F-4B1E-9D87-68D413678944}"
EndProject
Project("{8BC9CEB8-8B4A-11D0-8D11-00A0C91BC942}") = "FileFormatConversion", "FileFormatConversion\FileFormatConversion.vcxproj", "{18D65CD3-48DE-4D6F-8069-84E31A3E8E6E}"
EndProject
Project("{8BC9CEB8-8B4A-11D0-8D11-00A0C91BC942}") = "Biograph40Sorting", "Biograph40Sorting\Biograph40Sorting.vcxproj", "{0C05BE3D-7CA2-4634-9307-8BAEEC196A75}"
	ProjectSection(ProjectDependencies) = postProject
		{EB029B80-4C2A-4613-AE9A-4B70011B703D} = {EB029B80-4C2A-4613-AE9A-4B70011B703D}
	EndProjectSection
EndProject
Project("{8BC9CEB8-8B4A-11D0-8D11-00A0C91BC942}") = "proj_functions_CUDA", "proj_functions_CUDA\proj_functions_CUDA.vcxproj", "{8CF1A1AE-6EA1-4569-8935-8F6A7E16CE0E}"
	ProjectSection(ProjectDependencies) = postProject
		{EB029B80-4C2A-4613-AE9A-4B70011B703D} = {EB029B80-4C2A-4613-AE9A-4B70011B703D}
	EndProjectSection
EndProject
Project("{8BC9CEB8-8B4A-11D0-8D11-00A0C91BC942}") = "Solution_Items", "Solution_Items\Solution_Items.vcxproj", "{EB029B80-4C2A-4613-AE9A-4B70011B703D}"
EndProject
Project("{8BC9CEB8-8B4A-11D0-8D11-00A0C91BC942}") = "numeric", "numeric\numeric.vcxproj", "{7F9A3D74-D7F6-401E-82DF-4DC5DAB90695}"
EndProject
Project("{8BC9CEB8-8B4A-11D0-8D11-00A0C91BC942}") = "Biograph40SortingWithInsert", "Biograph40SortingWithInsert\Biograph40SortingWithInsert.vcxproj", "{3C758394-3C8A-4F2E-A907-4E5170ECD61F}"
	ProjectSection(ProjectDependencies) = postProject
		{EB029B80-4C2A-4613-AE9A-4B70011B703D} = {EB029B80-4C2A-4613-AE9A-4B70011B703D}
	EndProjectSection
EndProject
Project("{8BC9CEB8-8B4A-11D0-8D11-00A0C91BC942}") = "Generate_decay", "Generate_decay\Generate_decay.vcxproj", "{8AC973D8-6587-4BD2-8291-5253865640D3}"
EndProject
Project("{8BC9CEB8-8B4A-11D0-8D11-00A0C91BC942}") = "Process_Scatter", "Process_Scatter\Process_Scatter.vcxproj", "{5A17F2CD-E216-464B-B7B9-F497A02B4144}"
EndProject
Project("{8BC9CEB8-8B4A-11D0-8D11-00A0C91BC942}") = "PETLink_data_conversion", "PETLink_data_conversion\PETLink_data_conversion.vcxproj", "{70581D6B-464D-4C36-9C99-19109CF36E3A}"
EndProject
Project("{8BC9CEB8-8B4A-11D0-8D11-00A0C91BC942}") = "Sensitivity_IMAGE_CUDA_CBM", "Sensitivity_IMAGE_CUDA_CBM\Sensitivity_IMAGE_CUDA_CBM.vcxproj", "{3DA5D537-37B2-4FF1-845E-A883BF01804A}"
EndProject
Global
	GlobalSection(SolutionConfigurationPlatforms) = preSolution
		Debug|Any CPU = Debug|Any CPU
		Debug|ARM = Debug|ARM
		Debug|Mixed Platforms = Debug|Mixed Platforms
		Debug|Win32 = Debug|Win32
		Debug|x64 = Debug|x64
		Release|Any CPU = Release|Any CPU
		Release|ARM = Release|ARM
		Release|Mixed Platforms = Release|Mixed Platforms
		Release|Win32 = Release|Win32
		Release|x64 = Release|x64
	EndGlobalSection
	GlobalSection(ProjectConfigurationPlatforms) = postSolution
		{188CA5CF-B139-4C04-B936-AC5749280795}.Debug|Any CPU.ActiveCfg = Release|x64
		{188CA5CF-B139-4C04-B936-AC5749280795}.Debug|Any CPU.Build.0 = Release|x64
		{188CA5CF-B139-4C04-B936-AC5749280795}.Debug|ARM.ActiveCfg = Debug|Win32
		{188CA5CF-B139-4C04-B936-AC5749280795}.Debug|Mixed Platforms.ActiveCfg = Release|x64
		{188CA5CF-B139-4C04-B936-AC5749280795}.Debug|Mixed Platforms.Build.0 = Release|x64
		{188CA5CF-B139-4C04-B936-AC5749280795}.Debug|Win32.ActiveCfg = Release|x64
		{188CA5CF-B139-4C04-B936-AC5749280795}.Debug|Win32.Build.0 = Release|x64
		{188CA5CF-B139-4C04-B936-AC5749280795}.Debug|x64.ActiveCfg = Release|x64
		{188CA5CF-B139-4C04-B936-AC5749280795}.Debug|x64.Build.0 = Release|x64
		{188CA5CF-B139-4C04-B936-AC5749280795}.Release|Any CPU.ActiveCfg = Release|x64
		{188CA5CF-B139-4C04-B936-AC5749280795}.Release|Any CPU.Build.0 = Release|x64
		{188CA5CF-B139-4C04-B936-AC5749280795}.Release|ARM.ActiveCfg = Release|Win32
		{188CA5CF-B139-4C04-B936-AC5749280795}.Release|Mixed Platforms.ActiveCfg = Release|x64
		{188CA5CF-B139-4C04-B936-AC5749280795}.Release|Mixed Platforms.Build.0 = Release|x64
		{188CA5CF-B139-4C04-B936-AC5749280795}.Release|Win32.ActiveCfg = Release|x64
		{188CA5CF-B139-4C04-B936-AC5749280795}.Release|Win32.Build.0 = Release|x64
		{188CA5CF-B139-4C04-B936-AC5749280795}.Release|x64.ActiveCfg = Release|x64
		{188CA5CF-B139-4C04-B936-AC5749280795}.Release|x64.Build.0 = Release|x64
		{B3931E8D-8812-4551-B501-CF26F278C2F7}.Debug|Any CPU.ActiveCfg = Release|x64
		{B3931E8D-8812-4551-B501-CF26F278C2F7}.Debug|Any CPU.Build.0 = Release|x64
		{B3931E8D-8812-4551-B501-CF26F278C2F7}.Debug|ARM.ActiveCfg = Debug|Win32
		{B3931E8D-8812-4551-B501-CF26F278C2F7}.Debug|Mixed Platforms.ActiveCfg = Release|x64
		{B3931E8D-8812-4551-B501-CF26F278C2F7}.Debug|Mixed Platforms.Build.0 = Release|x64
		{B3931E8D-8812-4551-B501-CF26F278C2F7}.Debug|Win32.ActiveCfg = Release|x64
		{B3931E8D-8812-4551-B501-CF26F278C2F7}.Debug|Win32.Build.0 = Release|x64
		{B3931E8D-8812-4551-B501-CF26F278C2F7}.Debug|x64.ActiveCfg = Release|x64
		{B3931E8D-8812-4551-B501-CF26F278C2F7}.Debug|x64.Build.0 = Release|x64
		{B3931E8D-8812-4551-B501-CF26F278C2F7}.Release|Any CPU.ActiveCfg = Release|x64
		{B3931E8D-8812-4551-B501-CF26F278C2F7}.Release|Any CPU.Build.0 = Release|x64
		{B3931E8D-8812-4551-B501-CF26F278C2F7}.Release|ARM.ActiveCfg = Release|Win32
		{B3931E8D-8812-4551-B501-CF26F278C2F7}.Release|Mixed Platforms.ActiveCfg = Release|x64
		{B3931E8D-8812-4551-B501-CF26F278C2F7}.Release|Mixed Platforms.Build.0 = Release|x64
		{B3931E8D-8812-4551-B501-CF26F278C2F7}.Release|Win32.ActiveCfg = Release|x64
		{B3931E8D-8812-4551-B501-CF26F278C2F7}.Release|Win32.Build.0 = Release|x64
		{B3931E8D-8812-4551-B501-CF26F278C2F7}.Release|x64.ActiveCfg = Release|x64
		{B3931E8D-8812-4551-B501-CF26F278C2F7}.Release|x64.Build.0 = Release|x64
		{4D22BE66-5312-4E3C-8C93-6255D3407F63}.Debug|Any CPU.ActiveCfg = Release|x64
		{4D22BE66-5312-4E3C-8C93-6255D3407F63}.Debug|Any CPU.Build.0 = Release|x64
		{4D22BE66-5312-4E3C-8C93-6255D3407F63}.Debug|ARM.ActiveCfg = Debug|Win32
		{4D22BE66-5312-4E3C-8C93-6255D3407F63}.Debug|Mixed Platforms.ActiveCfg = Release|x64
		{4D22BE66-5312-4E3C-8C93-6255D3407F63}.Debug|Mixed Platforms.Build.0 = Release|x64
		{4D22BE66-5312-4E3C-8C93-6255D3407F63}.Debug|Win32.ActiveCfg = Release|x64
		{4D22BE66-5312-4E3C-8C93-6255D3407F63}.Debug|Win32.Build.0 = Release|x64
		{4D22BE66-5312-4E3C-8C93-6255D3407F63}.Debug|x64.ActiveCfg = Release|x64
		{4D22BE66-5312-4E3C-8C93-6255D3407F63}.Debug|x64.Build.0 = Release|x64
		{4D22BE66-5312-4E3C-8C93-6255D3407F63}.Release|Any CPU.ActiveCfg = Release|x64
		{4D22BE66-5312-4E3C-8C93-6255D3407F63}.Release|Any CPU.Build.0 = Release|x64
		{4D22BE66-5312-4E3C-8C93-6255D3407F63}.Release|ARM.ActiveCfg = Release|Win32
		{4D22BE66-5312-4E3C-8C93-6255D3407F63}.Release|Mixed Platforms.ActiveCfg = Release|x64
		{4D22BE66-5312-4E3C-8C93-6255D3407F63}.Release|Mixed Platforms.Build.0 = Release|x64
		{4D22BE66-5312-4E3C-8C93-6255D3407F63}.Release|Win32.ActiveCfg = Release|x64
		{4D22BE66-5312-4E3C-8C93-6255D3407F63}.Release|Win32.Build.0 = Release|x64
		{4D22BE66-5312-4E3C-8C93-6255D3407F63}.Release|x64.ActiveCfg = Release|x64
		{4D22BE66-5312-4E3C-8C93-6255D3407F63}.Release|x64.Build.0 = Release|x64
		{5B11A804-D8DB-47DF-998F-47A0AF213C22}.Debug|Any CPU.ActiveCfg = Release|x64
		{5B11A804-D8DB-47DF-998F-47A0AF213C22}.Debug|Any CPU.Build.0 = Release|x64
		{5B11A804-D8DB-47DF-998F-47A0AF213C22}.Debug|ARM.ActiveCfg = Debug|Win32
		{5B11A804-D8DB-47DF-998F-47A0AF213C22}.Debug|Mixed Platforms.ActiveCfg = Release|x64
		{5B11A804-D8DB-47DF-998F-47A0AF213C22}.Debug|Mixed Platforms.Build.0 = Release|x64
		{5B11A804-D8DB-47DF-998F-47A0AF213C22}.Debug|Win32.ActiveCfg = Release|x64
		{5B11A804-D8DB-47DF-998F-47A0AF213C22}.Debug|Win32.Build.0 = Release|x64
		{5B11A804-D8DB-47DF-998F-47A0AF213C22}.Debug|x64.ActiveCfg = Release|x64
		{5B11A804-D8DB-47DF-998F-47A0AF213C22}.Debug|x64.Build.0 = Release|x64
		{5B11A804-D8DB-47DF-998F-47A0AF213C22}.Release|Any CPU.ActiveCfg = Release|x64
		{5B11A804-D8DB-47DF-998F-47A0AF213C22}.Release|Any CPU.Build.0 = Release|x64
		{5B11A804-D8DB-47DF-998F-47A0AF213C22}.Release|ARM.ActiveCfg = Release|Win32
		{5B11A804-D8DB-47DF-998F-47A0AF213C22}.Release|Mixed Platforms.ActiveCfg = Release|x64
		{5B11A804-D8DB-47DF-998F-47A0AF213C22}.Release|Mixed Platforms.Build.0 = Release|x64
		{5B11A804-D8DB-47DF-998F-47A0AF213C22}.Release|Win32.ActiveCfg = Release|x64
		{5B11A804-D8DB-47DF-998F-47A0AF213C22}.Release|Win32.Build.0 = Release|x64
		{5B11A804-D8DB-47DF-998F-47A0AF213C22}.Release|x64.ActiveCfg = Release|x64
		{5B11A804-D8DB-47DF-998F-47A0AF213C22}.Release|x64.Build.0 = Release|x64
		{7B3ED80B-B694-4C02-B55F-20D8F4A57019}.Debug|Any CPU.ActiveCfg = Release|x64
		{7B3ED80B-B694-4C02-B55F-20D8F4A57019}.Debug|Any CPU.Build.0 = Release|x64
		{7B3ED80B-B694-4C02-B55F-20D8F4A57019}.Debug|ARM.ActiveCfg = Debug|Win32
		{7B3ED80B-B694-4C02-B55F-20D8F4A57019}.Debug|Mixed Platforms.ActiveCfg = Release|x64
		{7B3ED80B-B694-4C02-B55F-20D8F4A57019}.Debug|Mixed Platforms.Build.0 = Release|x64
		{7B3ED80B-B694-4C02-B55F-20D8F4A57019}.Debug|Win32.ActiveCfg = Release|x64
		{7B3ED80B-B694-4C02-B55F-20D8F4A57019}.Debug|Win32.Build.0 = Release|x64
		{7B3ED80B-B694-4C02-B55F-20D8F4A57019}.Debug|x64.ActiveCfg = Release|x64
		{7B3ED80B-B694-4C02-B55F-20D8F4A57019}.Debug|x64.Build.0 = Release|x64
		{7B3ED80B-B694-4C02-B55F-20D8F4A57019}.Release|Any CPU.ActiveCfg = Release|x64
		{7B3ED80B-B694-4C02-B55F-20D8F4A57019}.Release|Any CPU.Build.0 = Release|x64
		{7B3ED80B-B694-4C02-B55F-20D8F4A57019}.Release|ARM.ActiveCfg = Release|Win32
		{7B3ED80B-B694-4C02-B55F-20D8F4A57019}.Release|Mixed Platforms.ActiveCfg = Release|x64
		{7B3ED80B-B694-4C02-B55F-20D8F4A57019}.Release|Mixed Platforms.Build.0 = Release|x64
		{7B3ED80B-B694-4C02-B55F-20D8F4A57019}.Release|Win32.ActiveCfg = Release|x64
		{7B3ED80B-B694-4C02-B55F-20D8F4A57019}.Release|Win32.Build.0 = Release|x64
		{7B3ED80B-B694-4C02-B55F-20D8F4A57019}.Release|x64.ActiveCfg = Release|x64
		{7B3ED80B-B694-4C02-B55F-20D8F4A57019}.Release|x64.Build.0 = Release|x64
		{5480EF67-123F-450A-A120-0C008D329304}.Debug|Any CPU.ActiveCfg = Release|x64
		{5480EF67-123F-450A-A120-0C008D329304}.Debug|Any CPU.Build.0 = Release|x64
		{5480EF67-123F-450A-A120-0C008D329304}.Debug|ARM.ActiveCfg = Debug|Win32
		{5480EF67-123F-450A-A120-0C008D329304}.Debug|Mixed Platforms.ActiveCfg = Release|x64
		{5480EF67-123F-450A-A120-0C008D329304}.Debug|Mixed Platforms.Build.0 = Release|x64
		{5480EF67-123F-450A-A120-0C008D329304}.Debug|Win32.ActiveCfg = Release|x64
		{5480EF67-123F-450A-A120-0C008D329304}.Debug|Win32.Build.0 = Release|x64
		{5480EF67-123F-450A-A120-0C008D329304}.Debug|x64.ActiveCfg = Release|x64
		{5480EF67-123F-450A-A120-0C008D329304}.Debug|x64.Build.0 = Release|x64
		{5480EF67-123F-450A-A120-0C008D329304}.Release|Any CPU.ActiveCfg = Release|x64
		{5480EF67-123F-450A-A120-0C008D329304}.Release|Any CPU.Build.0 = Release|x64
		{5480EF67-123F-450A-A120-0C008D329304}.Release|ARM.ActiveCfg = Release|Win32
		{5480EF67-123F-450A-A120-0C008D329304}.Release|Mixed Platforms.ActiveCfg = Release|x64
		{5480EF67-123F-450A-A120-0C008D329304}.Release|Mixed Platforms.Build.0 = Release|x64
		{5480EF67-123F-450A-A120-0C008D329304}.Release|Win32.ActiveCfg = Release|x64
		{5480EF67-123F-450A-A120-0C008D329304}.Release|Win32.Build.0 = Release|x64
		{5480EF67-123F-450A-A120-0C008D329304}.Release|x64.ActiveCfg = Release|x64
		{5480EF67-123F-450A-A120-0C008D329304}.Release|x64.Build.0 = Release|x64
		{3687398C-9DD2-45F5-9CC5-C386D25F6702}.Debug|Any CPU.ActiveCfg = Release|x64
		{3687398C-9DD2-45F5-9CC5-C386D25F6702}.Debug|ARM.ActiveCfg = Debug|Win32
		{3687398C-9DD2-45F5-9CC5-C386D25F6702}.Debug|Mixed Platforms.ActiveCfg = Release|x64
		{3687398C-9DD2-45F5-9CC5-C386D25F6702}.Debug|Win32.ActiveCfg = Release|x64
		{3687398C-9DD2-45F5-9CC5-C386D25F6702}.Debug|Win32.Build.0 = Debug|Win32
		{3687398C-9DD2-45F5-9CC5-C386D25F6702}.Debug|x64.ActiveCfg = Release|x64
		{3687398C-9DD2-45F5-9CC5-C386D25F6702}.Release|Any CPU.ActiveCfg = Release|x64
		{3687398C-9DD2-45F5-9CC5-C386D25F6702}.Release|ARM.ActiveCfg = Release|Win32
		{3687398C-9DD2-45F5-9CC5-C386D25F6702}.Release|Mixed Platforms.ActiveCfg = Release|x64
		{3687398C-9DD2-45F5-9CC5-C386D25F6702}.Release|Win32.ActiveCfg = Release|x64
		{3687398C-9DD2-45F5-9CC5-C386D25F6702}.Release|Win32.Build.0 = Release|Win32
		{3687398C-9DD2-45F5-9CC5-C386D25F6702}.Release|x64.ActiveCfg = Release|x64
		{3687398C-9DD2-45F5-9CC5-C386D25F6702}.Release|x64.Build.0 = Release|x64
		{F10A0830-4AC3-492F-A17D-218DFE2A0AD0}.Debug|Any CPU.ActiveCfg = Release|x64
		{F10A0830-4AC3-492F-A17D-218DFE2A0AD0}.Debug|ARM.ActiveCfg = Debug|Win32
		{F10A0830-4AC3-492F-A17D-218DFE2A0AD0}.Debug|Mixed Platforms.ActiveCfg = Release|x64
		{F10A0830-4AC3-492F-A17D-218DFE2A0AD0}.Debug|Win32.ActiveCfg = Release|x64
		{F10A0830-4AC3-492F-A17D-218DFE2A0AD0}.Debug|Win32.Build.0 = Debug|Win32
		{F10A0830-4AC3-492F-A17D-218DFE2A0AD0}.Debug|x64.ActiveCfg = Release|x64
		{F10A0830-4AC3-492F-A17D-218DFE2A0AD0}.Release|Any CPU.ActiveCfg = Release|x64
		{F10A0830-4AC3-492F-A17D-218DFE2A0AD0}.Release|ARM.ActiveCfg = Release|Win32
		{F10A0830-4AC3-492F-A17D-218DFE2A0AD0}.Release|Mixed Platforms.ActiveCfg = Release|x64
		{F10A0830-4AC3-492F-A17D-218DFE2A0AD0}.Release|Win32.ActiveCfg = Release|x64
		{F10A0830-4AC3-492F-A17D-218DFE2A0AD0}.Release|Win32.Build.0 = Release|Win32
		{F10A0830-4AC3-492F-A17D-218DFE2A0AD0}.Release|x64.ActiveCfg = Release|x64
		{F10A0830-4AC3-492F-A17D-218DFE2A0AD0}.Release|x64.Build.0 = Release|x64
		{B5C0F231-78AC-48F8-8808-D2C3ED098412}.Debug|Any CPU.ActiveCfg = Release|x64
		{B5C0F231-78AC-48F8-8808-D2C3ED098412}.Debug|ARM.ActiveCfg = Debug|Win32
		{B5C0F231-78AC-48F8-8808-D2C3ED098412}.Debug|Mixed Platforms.ActiveCfg = Release|x64
		{B5C0F231-78AC-48F8-8808-D2C3ED098412}.Debug|Win32.ActiveCfg = Release|x64
		{B5C0F231-78AC-48F8-8808-D2C3ED098412}.Debug|Win32.Build.0 = Debug|Win32
		{B5C0F231-78AC-48F8-8808-D2C3ED098412}.Debug|x64.ActiveCfg = Release|x64
		{B5C0F231-78AC-48F8-8808-D2C3ED098412}.Release|Any CPU.ActiveCfg = Release|x64
		{B5C0F231-78AC-48F8-8808-D2C3ED098412}.Release|ARM.ActiveCfg = Release|Win32
		{B5C0F231-78AC-48F8-8808-D2C3ED098412}.Release|Mixed Platforms.ActiveCfg = Release|x64
		{B5C0F231-78AC-48F8-8808-D2C3ED098412}.Release|Win32.ActiveCfg = Release|x64
		{B5C0F231-78AC-48F8-8808-D2C3ED098412}.Release|Win32.Build.0 = Release|Win32
		{B5C0F231-78AC-48F8-8808-D2C3ED098412}.Release|x64.ActiveCfg = Release|x64
		{B5C0F231-78AC-48F8-8808-D2C3ED098412}.Release|x64.Build.0 = Release|x64
		{8C68C9E0-832F-4B1E-9D87-68D413678944}.Debug|Any CPU.ActiveCfg = Release|x64
		{8C68C9E0-832F-4B1E-9D87-68D413678944}.Debug|ARM.ActiveCfg = Debug|Win32
		{8C68C9E0-832F-4B1E-9D87-68D413678944}.Debug|Mixed Platforms.ActiveCfg = Release|x64
		{8C68C9E0-832F-4B1E-9D87-68D413678944}.Debug|Win32.ActiveCfg = Release|x64
		{8C68C9E0-832F-4B1E-9D87-68D413678944}.Debug|Win32.Build.0 = Debug|Win32
		{8C68C9E0-832F-4B1E-9D87-68D413678944}.Debug|x64.ActiveCfg = Release|x64
		{8C68C9E0-832F-4B1E-9D87-68D413678944}.Release|Any CPU.ActiveCfg = Release|x64
		{8C68C9E0-832F-4B1E-9D87-68D413678944}.Release|ARM.ActiveCfg = Release|Win32
		{8C68C9E0-832F-4B1E-9D87-68D413678944}.Release|Mixed Platforms.ActiveCfg = Release|x64
		{8C68C9E0-832F-4B1E-9D87-68D413678944}.Release|Win32.ActiveCfg = Release|x64
		{8C68C9E0-832F-4B1E-9D87-68D413678944}.Release|Win32.Build.0 = Release|Win32
		{8C68C9E0-832F-4B1E-9D87-68D413678944}.Release|x64.ActiveCfg = Release|x64
		{8C68C9E0-832F-4B1E-9D87-68D413678944}.Release|x64.Build.0 = Release|x64
		{18D65CD3-48DE-4D6F-8069-84E31A3E8E6E}.Debug|Any CPU.ActiveCfg = Release|x64
		{18D65CD3-48DE-4D6F-8069-84E31A3E8E6E}.Debug|ARM.ActiveCfg = Debug|Win32
		{18D65CD3-48DE-4D6F-8069-84E31A3E8E6E}.Debug|Mixed Platforms.ActiveCfg = Release|x64
		{18D65CD3-48DE-4D6F-8069-84E31A3E8E6E}.Debug|Win32.ActiveCfg = Release|x64
		{18D65CD3-48DE-4D6F-8069-84E31A3E8E6E}.Debug|Win32.Build.0 = Debug|Win32
		{18D65CD3-48DE-4D6F-8069-84E31A3E8E6E}.Debug|x64.ActiveCfg = Release|x64
		{18D65CD3-48DE-4D6F-8069-84E31A3E8E6E}.Release|Any CPU.ActiveCfg = Release|x64
		{18D65CD3-48DE-4D6F-8069-84E31A3E8E6E}.Release|ARM.ActiveCfg = Release|Win32
		{18D65CD3-48DE-4D6F-8069-84E31A3E8E6E}.Release|Mixed Platforms.ActiveCfg = Release|x64
		{18D65CD3-48DE-4D6F-8069-84E31A3E8E6E}.Release|Win32.ActiveCfg = Release|x64
		{18D65CD3-48DE-4D6F-8069-84E31A3E8E6E}.Release|Win32.Build.0 = Release|Win32
		{18D65CD3-48DE-4D6F-8069-84E31A3E8E6E}.Release|x64.ActiveCfg = Release|x64
		{18D65CD3-48DE-4D6F-8069-84E31A3E8E6E}.Release|x64.Build.0 = Release|x64
		{0C05BE3D-7CA2-4634-9307-8BAEEC196A75}.Debug|Any CPU.ActiveCfg = Release|x64
		{0C05BE3D-7CA2-4634-9307-8BAEEC196A75}.Debug|Any CPU.Build.0 = Release|x64
		{0C05BE3D-7CA2-4634-9307-8BAEEC196A75}.Debug|ARM.ActiveCfg = Debug|Win32
		{0C05BE3D-7CA2-4634-9307-8BAEEC196A75}.Debug|Mixed Platforms.ActiveCfg = Release|x64
		{0C05BE3D-7CA2-4634-9307-8BAEEC196A75}.Debug|Mixed Platforms.Build.0 = Release|x64
		{0C05BE3D-7CA2-4634-9307-8BAEEC196A75}.Debug|Win32.ActiveCfg = Release|x64
		{0C05BE3D-7CA2-4634-9307-8BAEEC196A75}.Debug|Win32.Build.0 = Release|x64
		{0C05BE3D-7CA2-4634-9307-8BAEEC196A75}.Debug|x64.ActiveCfg = Release|x64
		{0C05BE3D-7CA2-4634-9307-8BAEEC196A75}.Debug|x64.Build.0 = Release|x64
		{0C05BE3D-7CA2-4634-9307-8BAEEC196A75}.Release|Any CPU.ActiveCfg = Release|x64
		{0C05BE3D-7CA2-4634-9307-8BAEEC196A75}.Release|Any CPU.Build.0 = Release|x64
		{0C05BE3D-7CA2-4634-9307-8BAEEC196A75}.Release|ARM.ActiveCfg = Release|Win32
		{0C05BE3D-7CA2-4634-9307-8BAEEC196A75}.Release|Mixed Platforms.ActiveCfg = Release|x64
		{0C05BE3D-7CA2-4634-9307-8BAEEC196A75}.Release|Mixed Platforms.Build.0 = Release|x64
		{0C05BE3D-7CA2-4634-9307-8BAEEC196A75}.Release|Win32.ActiveCfg = Release|x64
		{0C05BE3D-7CA2-4634-9307-8BAEEC196A75}.Release|Win32.Build.0 = Release|x64
		{0C05BE3D-7CA2-4634-9307-8BAEEC196A75}.Release|x64.ActiveCfg = Release|x64
		{0C05BE3D-7CA2-4634-9307-8BAEEC196A75}.Release|x64.Build.0 = Release|x64
		{8CF1A1AE-6EA1-4569-8935-8F6A7E16CE0E}.Debug|Any CPU.ActiveCfg = Release|x64
		{8CF1A1AE-6EA1-4569-8935-8F6A7E16CE0E}.Debug|ARM.ActiveCfg = Debug|Win32
		{8CF1A1AE-6EA1-4569-8935-8F6A7E16CE0E}.Debug|Mixed Platforms.ActiveCfg = Release|x64
		{8CF1A1AE-6EA1-4569-8935-8F6A7E16CE0E}.Debug|Win32.ActiveCfg = Release|x64
		{8CF1A1AE-6EA1-4569-8935-8F6A7E16CE0E}.Debug|Win32.Build.0 = Debug|Win32
		{8CF1A1AE-6EA1-4569-8935-8F6A7E16CE0E}.Debug|x64.ActiveCfg = Release|x64
		{8CF1A1AE-6EA1-4569-8935-8F6A7E16CE0E}.Release|Any CPU.ActiveCfg = Release|x64
		{8CF1A1AE-6EA1-4569-8935-8F6A7E16CE0E}.Release|ARM.ActiveCfg = Release|Win32
		{8CF1A1AE-6EA1-4569-8935-8F6A7E16CE0E}.Release|Mixed Platforms.ActiveCfg = Release|x64
		{8CF1A1AE-6EA1-4569-8935-8F6A7E16CE0E}.Release|Win32.ActiveCfg = Release|x64
		{8CF1A1AE-6EA1-4569-8935-8F6A7E16CE0E}.Release|Win32.Build.0 = Release|Win32
		{8CF1A1AE-6EA1-4569-8935-8F6A7E16CE0E}.Release|x64.ActiveCfg = Release|x64
		{8CF1A1AE-6EA1-4569-8935-8F6A7E16CE0E}.Release|x64.Build.0 = Release|x64
		{EB029B80-4C2A-4613-AE9A-4B70011B703D}.Debug|Any CPU.ActiveCfg = Release|x64
		{EB029B80-4C2A-4613-AE9A-4B70011B703D}.Debug|Any CPU.Build.0 = Release|x64
		{EB029B80-4C2A-4613-AE9A-4B70011B703D}.Debug|ARM.ActiveCfg = Debug|Win32
		{EB029B80-4C2A-4613-AE9A-4B70011B703D}.Debug|Mixed Platforms.ActiveCfg = Release|x64
		{EB029B80-4C2A-4613-AE9A-4B70011B703D}.Debug|Mixed Platforms.Build.0 = Release|x64
		{EB029B80-4C2A-4613-AE9A-4B70011B703D}.Debug|Win32.ActiveCfg = Release|x64
		{EB029B80-4C2A-4613-AE9A-4B70011B703D}.Debug|Win32.Build.0 = Release|x64
		{EB029B80-4C2A-4613-AE9A-4B70011B703D}.Debug|x64.ActiveCfg = Release|x64
		{EB029B80-4C2A-4613-AE9A-4B70011B703D}.Debug|x64.Build.0 = Release|x64
		{EB029B80-4C2A-4613-AE9A-4B70011B703D}.Release|Any CPU.ActiveCfg = Release|x64
		{EB029B80-4C2A-4613-AE9A-4B70011B703D}.Release|Any CPU.Build.0 = Release|x64
		{EB029B80-4C2A-4613-AE9A-4B70011B703D}.Release|ARM.ActiveCfg = Release|Win32
		{EB029B80-4C2A-4613-AE9A-4B70011B703D}.Release|Mixed Platforms.ActiveCfg = Release|x64
		{EB029B80-4C2A-4613-AE9A-4B70011B703D}.Release|Mixed Platforms.Build.0 = Release|x64
		{EB029B80-4C2A-4613-AE9A-4B70011B703D}.Release|Win32.ActiveCfg = Release|x64
		{EB029B80-4C2A-4613-AE9A-4B70011B703D}.Release|Win32.Build.0 = Release|x64
		{EB029B80-4C2A-4613-AE9A-4B70011B703D}.Release|x64.ActiveCfg = Release|x64
		{EB029B80-4C2A-4613-AE9A-4B70011B703D}.Release|x64.Build.0 = Release|x64
		{7F9A3D74-D7F6-401E-82DF-4DC5DAB90695}.Debug|Any CPU.ActiveCfg = Release|x64
		{7F9A3D74-D7F6-401E-82DF-4DC5DAB90695}.Debug|ARM.ActiveCfg = Debug|Win32
		{7F9A3D74-D7F6-401E-82DF-4DC5DAB90695}.Debug|Mixed Platforms.ActiveCfg = Release|x64
		{7F9A3D74-D7F6-401E-82DF-4DC5DAB90695}.Debug|Win32.ActiveCfg = Release|x64
		{7F9A3D74-D7F6-401E-82DF-4DC5DAB90695}.Debug|Win32.Build.0 = Debug|Win32
		{7F9A3D74-D7F6-401E-82DF-4DC5DAB90695}.Debug|x64.ActiveCfg = Release|x64
		{7F9A3D74-D7F6-401E-82DF-4DC5DAB90695}.Release|Any CPU.ActiveCfg = Release|x64
		{7F9A3D74-D7F6-401E-82DF-4DC5DAB90695}.Release|ARM.ActiveCfg = Release|Win32
		{7F9A3D74-D7F6-401E-82DF-4DC5DAB90695}.Release|Mixed Platforms.ActiveCfg = Release|x64
		{7F9A3D74-D7F6-401E-82DF-4DC5DAB90695}.Release|Win32.ActiveCfg = Release|x64
		{7F9A3D74-D7F6-401E-82DF-4DC5DAB90695}.Release|Win32.Build.0 = Release|Win32
		{7F9A3D74-D7F6-401E-82DF-4DC5DAB90695}.Release|x64.ActiveCfg = Release|x64
		{3C758394-3C8A-4F2E-A907-4E5170ECD61F}.Debug|Any CPU.ActiveCfg = Release|x64
		{3C758394-3C8A-4F2E-A907-4E5170ECD61F}.Debug|ARM.ActiveCfg = Debug|Win32
		{3C758394-3C8A-4F2E-A907-4E5170ECD61F}.Debug|Mixed Platforms.ActiveCfg = Release|x64
		{3C758394-3C8A-4F2E-A907-4E5170ECD61F}.Debug|Win32.ActiveCfg = Release|x64
		{3C758394-3C8A-4F2E-A907-4E5170ECD61F}.Debug|Win32.Build.0 = Debug|Win32
		{3C758394-3C8A-4F2E-A907-4E5170ECD61F}.Debug|x64.ActiveCfg = Release|x64
		{3C758394-3C8A-4F2E-A907-4E5170ECD61F}.Release|Any CPU.ActiveCfg = Release|x64
		{3C758394-3C8A-4F2E-A907-4E5170ECD61F}.Release|ARM.ActiveCfg = Release|Win32
		{3C758394-3C8A-4F2E-A907-4E5170ECD61F}.Release|Mixed Platforms.ActiveCfg = Release|x64
		{3C758394-3C8A-4F2E-A907-4E5170ECD61F}.Release|Win32.ActiveCfg = Release|x64
		{3C758394-3C8A-4F2E-A907-4E5170ECD61F}.Release|Win32.Build.0 = Release|Win32
		{3C758394-3C8A-4F2E-A907-4E5170ECD61F}.Release|x64.ActiveCfg = Release|x64
		{3C758394-3C8A-4F2E-A907-4E5170ECD61F}.Release|x64.Build.0 = Release|x64
		{8AC973D8-6587-4BD2-8291-5253865640D3}.Debug|Any CPU.ActiveCfg = Debug|Win32
		{8AC973D8-6587-4BD2-8291-5253865640D3}.Debug|ARM.ActiveCfg = Debug|Win32
		{8AC973D8-6587-4BD2-8291-5253865640D3}.Debug|Mixed Platforms.ActiveCfg = Release|x64
		{8AC973D8-6587-4BD2-8291-5253865640D3}.Debug|Mixed Platforms.Build.0 = Release|x64
		{8AC973D8-6587-4BD2-8291-5253865640D3}.Debug|Win32.ActiveCfg = Debug|Win32
		{8AC973D8-6587-4BD2-8291-5253865640D3}.Debug|Win32.Build.0 = Debug|Win32
		{8AC973D8-6587-4BD2-8291-5253865640D3}.Debug|x64.ActiveCfg = Debug|x64
		{8AC973D8-6587-4BD2-8291-5253865640D3}.Release|Any CPU.ActiveCfg = Release|Win32
		{8AC973D8-6587-4BD2-8291-5253865640D3}.Release|ARM.ActiveCfg = Release|Win32
		{8AC973D8-6587-4BD2-8291-5253865640D3}.Release|Mixed Platforms.ActiveCfg = Release|x64
		{8AC973D8-6587-4BD2-8291-5253865640D3}.Release|Mixed Platforms.Build.0 = Release|x64
		{8AC973D8-6587-4BD2-8291-5253865640D3}.Release|Win32.ActiveCfg = Release|Win32
		{8AC973D8-6587-4BD2-8291-5253865640D3}.Release|Win32.Build.0 = Release|Win32
		{8AC973D8-6587-4BD2-8291-5253865640D3}.Release|x64.ActiveCfg = Release|x64
		{5A17F2CD-E216-464B-B7B9-F497A02B4144}.Debug|Any CPU.ActiveCfg = Debug|Win32
		{5A17F2CD-E216-464B-B7B9-F497A02B4144}.Debug|ARM.ActiveCfg = Debug|Win32
		{5A17F2CD-E216-464B-B7B9-F497A02B4144}.Debug|Mixed Platforms.ActiveCfg = Release|x64
		{5A17F2CD-E216-464B-B7B9-F497A02B4144}.Debug|Mixed Platforms.Build.0 = Release|x64
		{5A17F2CD-E216-464B-B7B9-F497A02B4144}.Debug|Win32.ActiveCfg = Debug|Win32
		{5A17F2CD-E216-464B-B7B9-F497A02B4144}.Debug|Win32.Build.0 = Debug|Win32
		{5A17F2CD-E216-464B-B7B9-F497A02B4144}.Debug|x64.ActiveCfg = Release|x64
		{5A17F2CD-E216-464B-B7B9-F497A02B4144}.Release|Any CPU.ActiveCfg = Release|Win32
		{5A17F2CD-E216-464B-B7B9-F497A02B4144}.Release|ARM.ActiveCfg = Release|Win32
		{5A17F2CD-E216-464B-B7B9-F497A02B4144}.Release|Mixed Platforms.ActiveCfg = Release|x64
		{5A17F2CD-E216-464B-B7B9-F497A02B4144}.Release|Mixed Platforms.Build.0 = Release|x64
		{5A17F2CD-E216-464B-B7B9-F497A02B4144}.Release|Win32.ActiveCfg = Release|Win32
		{5A17F2CD-E216-464B-B7B9-F497A02B4144}.Release|Win32.Build.0 = Release|Win32
		{5A17F2CD-E216-464B-B7B9-F497A02B4144}.Release|x64.ActiveCfg = Release|x64
		{70581D6B-464D-4C36-9C99-19109CF36E3A}.Debug|Any CPU.ActiveCfg = Debug|Win32
		{70581D6B-464D-4C36-9C99-19109CF36E3A}.Debug|ARM.ActiveCfg = Debug|Win32
		{70581D6B-464D-4C36-9C99-19109CF36E3A}.Debug|Mixed Platforms.ActiveCfg = Debug|Win32
		{70581D6B-464D-4C36-9C99-19109CF36E3A}.Debug|Mixed Platforms.Build.0 = Debug|Win32
		{70581D6B-464D-4C36-9C99-19109CF36E3A}.Debug|Win32.ActiveCfg = Debug|Win32
		{70581D6B-464D-4C36-9C99-19109CF36E3A}.Debug|Win32.Build.0 = Debug|Win32
		{70581D6B-464D-4C36-9C99-19109CF36E3A}.Debug|x64.ActiveCfg = Debug|Win32
		{70581D6B-464D-4C36-9C99-19109CF36E3A}.Release|Any CPU.ActiveCfg = Release|Win32
		{70581D6B-464D-4C36-9C99-19109CF36E3A}.Release|ARM.ActiveCfg = Release|Win32
		{70581D6B-464D-4C36-9C99-19109CF36E3A}.Release|Mixed Platforms.ActiveCfg = Release|Win32
		{70581D6B-464D-4C36-9C99-19109CF36E3A}.Release|Mixed Platforms.Build.0 = Release|Win32
		{70581D6B-464D-4C36-9C99-19109CF36E3A}.Release|Win32.ActiveCfg = Release|Win32
		{70581D6B-464D-4C36-9C99-19109CF36E3A}.Release|Win32.Build.0 = Release|Win32
		{70581D6B-464D-4C36-9C99-19109CF36E3A}.Release|x64.ActiveCfg = Release|Win32
		{3DA5D537-37B2-4FF1-845E-A883BF01804A}.Debug|Any CPU.ActiveCfg = Debug|Win32
		{3DA5D537-37B2-4FF1-845E-A883BF01804A}.Debug|ARM.ActiveCfg = Debug|Win32
		{3DA5D537-37B2-4FF1-845E-A883BF01804A}.Debug|Mixed Platforms.ActiveCfg = Debug|Win32
		{3DA5D537-37B2-4FF1-845E-A883BF01804A}.Debug|Mixed Platforms.Build.0 = Debug|Win32
		{3DA5D537-37B2-4FF1-845E-A883BF01804A}.Debug|Win32.ActiveCfg = Debug|Win32
		{3DA5D537-37B2-4FF1-845E-A883BF01804A}.Debug|Win32.Build.0 = Debug|Win32
		{3DA5D537-37B2-4FF1-845E-A883BF01804A}.Debug|x64.ActiveCfg = Debug|Win32
		{3DA5D537-37B2-4FF1-845E-A883BF01804A}.Release|Any CPU.ActiveCfg = Release|Win32
		{3DA5D537-37B2-4FF1-845E-A883BF01804A}.Release|ARM.ActiveCfg = Release|Win32
		{3DA5D537-37B2-4FF1-845E-A883BF01804A}.Release|Mixed Platforms.ActiveCfg = Release|Win32
		{3DA5D537-37B2-4FF1-845E-A883BF01804A}.Release|Mixed Platforms.Build.0 = Release|Win32
		{3DA5D537-37B2-4FF1-845E-A883BF01804A}.Release|Win32.ActiveCfg = Release|Win32
		{3DA5D537-37B2-4FF1-845E-A883BF01804A}.Release|Win32.Build.0 = Release|Win32
		{3DA5D537-37B2-4FF1-845E-A883BF01804A}.Release|x64.ActiveCfg = Release|Win32
	EndGlobalSection
	GlobalSection(SolutionProperties) = preSolution
		HideSolutionNode = FALSE
	EndGlobalSection
EndGlobal
